
Microsoft Visual Studio Solution File, Format Version 12.00
# Visual Studio Version 17
VisualStudioVersion = 17.3.32901.215
MinimumVisualStudioVersion = 10.0.40219.1
Project("{FAE04EC0-301F-11D3-BF4B-00C04F79EFBC}") = "Method_Overriding", "Method_Overriding\Method_Overriding.csproj", "{7FBCBF66-DAEE-445D-AA5B-8B2E7F6302C0}"
EndProject
Global
	GlobalSection(SolutionConfigurationPlatforms) = preSolution
		Debug|Any CPU = Debug|Any CPU
		Release|Any CPU = Release|Any CPU
	EndGlobalSection
	GlobalSection(ProjectConfigurationPlatforms) = postSolution
		{7FBCBF66-DAEE-445D-AA5B-8B2E7F6302C0}.Debug|Any CPU.ActiveCfg = Debug|Any CPU
		{7FBCBF66-DAEE-445D-AA5B-8B2E7F6302C0}.Debug|Any CPU.Build.0 = Debug|Any CPU
		{7FBCBF66-DAEE-445D-AA5B-8B2E7F6302C0}.Release|Any CPU.ActiveCfg = Release|Any CPU
		{7FBCBF66-DAEE-445D-AA5B-8B2E7F6302C0}.Release|Any CPU.Build.0 = Release|Any CPU
	EndGlobalSection
	GlobalSection(SolutionProperties) = preSolution
		HideSolutionNode = FALSE
	EndGlobalSection
	GlobalSection(ExtensibilityGlobals) = postSolution
		SolutionGuid = {2369BEC1-8AFC-4DF8-A7D7-BA1E8074F9A5}
	EndGlobalSection
EndGlobal
