
Microsoft Visual Studio Solution File, Format Version 12.00
# Visual Studio Version 17
VisualStudioVersion = 17.3.32901.215
MinimumVisualStudioVersion = 10.0.40219.1
Project("{9A19103F-16F7-4668-BE54-9A1E7A4F7556}") = "netCore", "netCore\netCore.csproj", "{1D7197F8-C251-4126-8285-5B402B9806EB}"
EndProject
Global
	GlobalSection(SolutionConfigurationPlatforms) = preSolution
		Debug|Any CPU = Debug|Any CPU
		Release|Any CPU = Release|Any CPU
	EndGlobalSection
	GlobalSection(ProjectConfigurationPlatforms) = postSolution
		{1D7197F8-C251-4126-8285-5B402B9806EB}.Debug|Any CPU.ActiveCfg = Debug|Any CPU
		{1D7197F8-C251-4126-8285-5B402B9806EB}.Debug|Any CPU.Build.0 = Debug|Any CPU
		{1D7197F8-C251-4126-8285-5B402B9806EB}.Release|Any CPU.ActiveCfg = Release|Any CPU
		{1D7197F8-C251-4126-8285-5B402B9806EB}.Release|Any CPU.Build.0 = Release|Any CPU
	EndGlobalSection
	GlobalSection(SolutionProperties) = preSolution
		HideSolutionNode = FALSE
	EndGlobalSection
	GlobalSection(ExtensibilityGlobals) = postSolution
		SolutionGuid = {0399572E-D4CA-42A7-83F8-4E860F707B4D}
	EndGlobalSection
EndGlobal
